
Microsoft Visual Studio Solution File, Format Version 12.00
# Visual Studio Version 16
VisualStudioVersion = 16.0.30804.86
MinimumVisualStudioVersion = 10.0.40219.1
Project("{FAE04EC0-301F-11D3-BF4B-00C04F79EFBC}") = "mvcITRootsTask", "mvcITRootsTask\mvcITRootsTask.csproj", "{1391DEA4-2B12-4DB3-870F-9379379904DF}"
EndProject
Global
	GlobalSection(SolutionConfigurationPlatforms) = preSolution
		Debug|Any CPU = Debug|Any CPU
		Release|Any CPU = Release|Any CPU
	EndGlobalSection
	GlobalSection(ProjectConfigurationPlatforms) = postSolution
		{1391DEA4-2B12-4DB3-870F-9379379904DF}.Debug|Any CPU.ActiveCfg = Debug|Any CPU
		{1391DEA4-2B12-4DB3-870F-9379379904DF}.Debug|Any CPU.Build.0 = Debug|Any CPU
		{1391DEA4-2B12-4DB3-870F-9379379904DF}.Release|Any CPU.ActiveCfg = Release|Any CPU
		{1391DEA4-2B12-4DB3-870F-9379379904DF}.Release|Any CPU.Build.0 = Release|Any CPU
	EndGlobalSection
	GlobalSection(SolutionProperties) = preSolution
		HideSolutionNode = FALSE
	EndGlobalSection
	GlobalSection(ExtensibilityGlobals) = postSolution
		SolutionGuid = {681AF11F-18D0-43FD-BA0F-63AD19FD93AA}
	EndGlobalSection
EndGlobal
